// !$*UTF8*$!
{
	archiveVersion = 1;
	classes = {
	};
	objectVersion = 56;
	objects = {

/* Begin PBXBuildFile section */
		A233A88C2B220E3D0024D285 /* CacheManager.swift in Sources */ = {isa = PBXBuildFile; fileRef = A233A88B2B220E3D0024D285 /* CacheManager.swift */; };
		A23A29492B24F6B3003D650C /* CollectionPhotos.swift in Sources */ = {isa = PBXBuildFile; fileRef = A23A29482B24F6B3003D650C /* CollectionPhotos.swift */; };
		A27D918A2B1ED93C00278B70 /* SearchImagesView.swift in Sources */ = {isa = PBXBuildFile; fileRef = A27D91892B1ED93C00278B70 /* SearchImagesView.swift */; };
		A27D918D2B20AAC700278B70 /* Component.swift in Sources */ = {isa = PBXBuildFile; fileRef = A27D918C2B20AAC600278B70 /* Component.swift */; };
		A27D918F2B20AC8700278B70 /* BookmarkView.swift in Sources */ = {isa = PBXBuildFile; fileRef = A27D918E2B20AC8700278B70 /* BookmarkView.swift */; };
		A27D91922B20ACC000278B70 /* TabBarView.swift in Sources */ = {isa = PBXBuildFile; fileRef = A27D91912B20ACC000278B70 /* TabBarView.swift */; };
		A285A8D12B281FFC0083902B /* LazyImageIntent.swift in Sources */ = {isa = PBXBuildFile; fileRef = A285A8D02B281FFC0083902B /* LazyImageIntent.swift */; };
		A285A8D32B28213B0083902B /* ImageListIntent.swift in Sources */ = {isa = PBXBuildFile; fileRef = A285A8D22B28213B0083902B /* ImageListIntent.swift */; };
		A285A8D52B28216A0083902B /* CollectionListIntent.swift in Sources */ = {isa = PBXBuildFile; fileRef = A285A8D42B28216A0083902B /* CollectionListIntent.swift */; };
		A285A8D72B2821910083902B /* BookmarkIntent.swift in Sources */ = {isa = PBXBuildFile; fileRef = A285A8D62B2821910083902B /* BookmarkIntent.swift */; };
		A2BE6B352B1DF4B7000DD62A /* PixifyApp.swift in Sources */ = {isa = PBXBuildFile; fileRef = A2BE6B342B1DF4B7000DD62A /* PixifyApp.swift */; };
		A2BE6B3A2B1DF4B7000DD62A /* Pixify.xcdatamodeld in Sources */ = {isa = PBXBuildFile; fileRef = A2BE6B382B1DF4B7000DD62A /* Pixify.xcdatamodeld */; };
		A2BE6B3C2B1DF4B7000DD62A /* ListView.swift in Sources */ = {isa = PBXBuildFile; fileRef = A2BE6B3B2B1DF4B7000DD62A /* ListView.swift */; };
		A2BE6B3E2B1DF4B9000DD62A /* Assets.xcassets in Resources */ = {isa = PBXBuildFile; fileRef = A2BE6B3D2B1DF4B9000DD62A /* Assets.xcassets */; };
		A2BE6B422B1DF4B9000DD62A /* Preview Assets.xcassets in Resources */ = {isa = PBXBuildFile; fileRef = A2BE6B412B1DF4B9000DD62A /* Preview Assets.xcassets */; };
		A2BE6B4E2B1DF555000DD62A /* Photo.swift in Sources */ = {isa = PBXBuildFile; fileRef = A2BE6B4D2B1DF555000DD62A /* Photo.swift */; };
		A2BE6B512B1DF56A000DD62A /* Bookmark+CoreDataClass.swift in Sources */ = {isa = PBXBuildFile; fileRef = A2BE6B4F2B1DF56A000DD62A /* Bookmark+CoreDataClass.swift */; };
		A2BE6B522B1DF56A000DD62A /* Bookmark+CoreDataProperties.swift in Sources */ = {isa = PBXBuildFile; fileRef = A2BE6B502B1DF56A000DD62A /* Bookmark+CoreDataProperties.swift */; };
		A2BE6B562B1DF5D8000DD62A /* APIManager.swift in Sources */ = {isa = PBXBuildFile; fileRef = A2BE6B552B1DF5D8000DD62A /* APIManager.swift */; };
		A2BE6B582B1DF5E7000DD62A /* NetworkManager.swift in Sources */ = {isa = PBXBuildFile; fileRef = A2BE6B572B1DF5E6000DD62A /* NetworkManager.swift */; };
		A2BE6B5A2B1DF61B000DD62A /* Constants.swift in Sources */ = {isa = PBXBuildFile; fileRef = A2BE6B592B1DF61B000DD62A /* Constants.swift */; };
		A2BE6B5C2B1DF636000DD62A /* DataManager.swift in Sources */ = {isa = PBXBuildFile; fileRef = A2BE6B5B2B1DF636000DD62A /* DataManager.swift */; };
		A2BE6B5E2B1DF66B000DD62A /* FileManagerClass.swift in Sources */ = {isa = PBXBuildFile; fileRef = A2BE6B5D2B1DF66B000DD62A /* FileManagerClass.swift */; };
		A2BE6B602B1DF685000DD62A /* Validation.swift in Sources */ = {isa = PBXBuildFile; fileRef = A2BE6B5F2B1DF685000DD62A /* Validation.swift */; };
		A2D9CEE42B22B528006238BE /* ImageDetailsView.swift in Sources */ = {isa = PBXBuildFile; fileRef = A2D9CEE32B22B528006238BE /* ImageDetailsView.swift */; };
		A2D9CEE72B237181006238BE /* SearchImagesIntent.swift in Sources */ = {isa = PBXBuildFile; fileRef = A2D9CEE62B237181006238BE /* SearchImagesIntent.swift */; };
		A2D9CEE92B23BB2E006238BE /* Collection.swift in Sources */ = {isa = PBXBuildFile; fileRef = A2D9CEE82B23BB2E006238BE /* Collection.swift */; };
/* End PBXBuildFile section */

/* Begin PBXFileReference section */
		A233A88B2B220E3D0024D285 /* CacheManager.swift */ = {isa = PBXFileReference; lastKnownFileType = sourcecode.swift; path = CacheManager.swift; sourceTree = "<group>"; };
		A23A29482B24F6B3003D650C /* CollectionPhotos.swift */ = {isa = PBXFileReference; lastKnownFileType = sourcecode.swift; path = CollectionPhotos.swift; sourceTree = "<group>"; };
		A27D91892B1ED93C00278B70 /* SearchImagesView.swift */ = {isa = PBXFileReference; lastKnownFileType = sourcecode.swift; path = SearchImagesView.swift; sourceTree = "<group>"; };
		A27D918C2B20AAC600278B70 /* Component.swift */ = {isa = PBXFileReference; lastKnownFileType = sourcecode.swift; path = Component.swift; sourceTree = "<group>"; };
		A27D918E2B20AC8700278B70 /* BookmarkView.swift */ = {isa = PBXFileReference; lastKnownFileType = sourcecode.swift; path = BookmarkView.swift; sourceTree = "<group>"; };
		A27D91912B20ACC000278B70 /* TabBarView.swift */ = {isa = PBXFileReference; lastKnownFileType = sourcecode.swift; path = TabBarView.swift; sourceTree = "<group>"; };
		A285A8D02B281FFC0083902B /* LazyImageIntent.swift */ = {isa = PBXFileReference; lastKnownFileType = sourcecode.swift; path = LazyImageIntent.swift; sourceTree = "<group>"; };
		A285A8D22B28213B0083902B /* ImageListIntent.swift */ = {isa = PBXFileReference; lastKnownFileType = sourcecode.swift; path = ImageListIntent.swift; sourceTree = "<group>"; };
		A285A8D42B28216A0083902B /* CollectionListIntent.swift */ = {isa = PBXFileReference; lastKnownFileType = sourcecode.swift; path = CollectionListIntent.swift; sourceTree = "<group>"; };
		A285A8D62B2821910083902B /* BookmarkIntent.swift */ = {isa = PBXFileReference; lastKnownFileType = sourcecode.swift; path = BookmarkIntent.swift; sourceTree = "<group>"; };
		A2BE6B312B1DF4B7000DD62A /* Pixify.app */ = {isa = PBXFileReference; explicitFileType = wrapper.application; includeInIndex = 0; path = Pixify.app; sourceTree = BUILT_PRODUCTS_DIR; };
		A2BE6B342B1DF4B7000DD62A /* PixifyApp.swift */ = {isa = PBXFileReference; lastKnownFileType = sourcecode.swift; path = PixifyApp.swift; sourceTree = "<group>"; };
		A2BE6B392B1DF4B7000DD62A /* Pixify.xcdatamodel */ = {isa = PBXFileReference; lastKnownFileType = wrapper.xcdatamodel; path = Pixify.xcdatamodel; sourceTree = "<group>"; };
		A2BE6B3B2B1DF4B7000DD62A /* ListView.swift */ = {isa = PBXFileReference; lastKnownFileType = sourcecode.swift; path = ListView.swift; sourceTree = "<group>"; };
		A2BE6B3D2B1DF4B9000DD62A /* Assets.xcassets */ = {isa = PBXFileReference; lastKnownFileType = folder.assetcatalog; path = Assets.xcassets; sourceTree = "<group>"; };
		A2BE6B3F2B1DF4B9000DD62A /* Pixify.entitlements */ = {isa = PBXFileReference; lastKnownFileType = text.plist.entitlements; path = Pixify.entitlements; sourceTree = "<group>"; };
		A2BE6B412B1DF4B9000DD62A /* Preview Assets.xcassets */ = {isa = PBXFileReference; lastKnownFileType = folder.assetcatalog; path = "Preview Assets.xcassets"; sourceTree = "<group>"; };
		A2BE6B4D2B1DF555000DD62A /* Photo.swift */ = {isa = PBXFileReference; lastKnownFileType = sourcecode.swift; path = Photo.swift; sourceTree = "<group>"; };
		A2BE6B4F2B1DF56A000DD62A /* Bookmark+CoreDataClass.swift */ = {isa = PBXFileReference; lastKnownFileType = sourcecode.swift; path = "Bookmark+CoreDataClass.swift"; sourceTree = "<group>"; };
		A2BE6B502B1DF56A000DD62A /* Bookmark+CoreDataProperties.swift */ = {isa = PBXFileReference; lastKnownFileType = sourcecode.swift; path = "Bookmark+CoreDataProperties.swift"; sourceTree = "<group>"; };
		A2BE6B552B1DF5D8000DD62A /* APIManager.swift */ = {isa = PBXFileReference; lastKnownFileType = sourcecode.swift; path = APIManager.swift; sourceTree = "<group>"; };
		A2BE6B572B1DF5E6000DD62A /* NetworkManager.swift */ = {isa = PBXFileReference; lastKnownFileType = sourcecode.swift; path = NetworkManager.swift; sourceTree = "<group>"; };
		A2BE6B592B1DF61B000DD62A /* Constants.swift */ = {isa = PBXFileReference; lastKnownFileType = sourcecode.swift; path = Constants.swift; sourceTree = "<group>"; };
		A2BE6B5B2B1DF636000DD62A /* DataManager.swift */ = {isa = PBXFileReference; lastKnownFileType = sourcecode.swift; path = DataManager.swift; sourceTree = "<group>"; };
		A2BE6B5D2B1DF66B000DD62A /* FileManagerClass.swift */ = {isa = PBXFileReference; lastKnownFileType = sourcecode.swift; path = FileManagerClass.swift; sourceTree = "<group>"; };
		A2BE6B5F2B1DF685000DD62A /* Validation.swift */ = {isa = PBXFileReference; lastKnownFileType = sourcecode.swift; path = Validation.swift; sourceTree = "<group>"; };
		A2BE6B612B1DF95F000DD62A /* Info.plist */ = {isa = PBXFileReference; lastKnownFileType = text.plist.xml; path = Info.plist; sourceTree = "<group>"; };
		A2D9CEE32B22B528006238BE /* ImageDetailsView.swift */ = {isa = PBXFileReference; lastKnownFileType = sourcecode.swift; path = ImageDetailsView.swift; sourceTree = "<group>"; };
		A2D9CEE62B237181006238BE /* SearchImagesIntent.swift */ = {isa = PBXFileReference; lastKnownFileType = sourcecode.swift; path = SearchImagesIntent.swift; sourceTree = "<group>"; };
		A2D9CEE82B23BB2E006238BE /* Collection.swift */ = {isa = PBXFileReference; lastKnownFileType = sourcecode.swift; path = Collection.swift; sourceTree = "<group>"; };
/* End PBXFileReference section */

/* Begin PBXFrameworksBuildPhase section */
		A2BE6B2E2B1DF4B7000DD62A /* Frameworks */ = {
			isa = PBXFrameworksBuildPhase;
			buildActionMask = 2147483647;
			files = (
			);
			runOnlyForDeploymentPostprocessing = 0;
		};
/* End PBXFrameworksBuildPhase section */

/* Begin PBXGroup section */
		A27D918B2B201A5800278B70 /* Component */ = {
			isa = PBXGroup;
			children = (
				A27D918C2B20AAC600278B70 /* Component.swift */,
			);
			path = Component;
			sourceTree = "<group>";
		};
		A27D91902B20AC9800278B70 /* TabBar */ = {
			isa = PBXGroup;
			children = (
				A27D91912B20ACC000278B70 /* TabBarView.swift */,
			);
			path = TabBar;
			sourceTree = "<group>";
		};
		A2BE6B282B1DF4B7000DD62A = {
			isa = PBXGroup;
			children = (
				A2BE6B332B1DF4B7000DD62A /* Pixify */,
				A2BE6B322B1DF4B7000DD62A /* Products */,
			);
			sourceTree = "<group>";
		};
		A2BE6B322B1DF4B7000DD62A /* Products */ = {
			isa = PBXGroup;
			children = (
				A2BE6B312B1DF4B7000DD62A /* Pixify.app */,
			);
			name = Products;
			sourceTree = "<group>";
		};
		A2BE6B332B1DF4B7000DD62A /* Pixify */ = {
			isa = PBXGroup;
			children = (
				A2BE6B4C2B1DF534000DD62A /* Model */,
				A2BE6B482B1DF4D2000DD62A /* View */,
				A2D9CEE52B23712B006238BE /* Intent */,
				A2BE6B492B1DF513000DD62A /* Utility */,
				A2BE6B4A2B1DF520000DD62A /* Service */,
				A2BE6B4B2B1DF52A000DD62A /* Resources */,
				A27D918B2B201A5800278B70 /* Component */,
				A27D91902B20AC9800278B70 /* TabBar */,
				A2BE6B342B1DF4B7000DD62A /* PixifyApp.swift */,
				A2BE6B3F2B1DF4B9000DD62A /* Pixify.entitlements */,
				A2BE6B612B1DF95F000DD62A /* Info.plist */,
				A2BE6B402B1DF4B9000DD62A /* Preview Content */,
			);
			path = Pixify;
			sourceTree = "<group>";
		};
		A2BE6B402B1DF4B9000DD62A /* Preview Content */ = {
			isa = PBXGroup;
			children = (
				A2BE6B412B1DF4B9000DD62A /* Preview Assets.xcassets */,
			);
			path = "Preview Content";
			sourceTree = "<group>";
		};
		A2BE6B482B1DF4D2000DD62A /* View */ = {
			isa = PBXGroup;
			children = (
				A27D91892B1ED93C00278B70 /* SearchImagesView.swift */,
				A2BE6B3B2B1DF4B7000DD62A /* ListView.swift */,
				A23A29482B24F6B3003D650C /* CollectionPhotos.swift */,
				A2D9CEE32B22B528006238BE /* ImageDetailsView.swift */,
				A27D918E2B20AC8700278B70 /* BookmarkView.swift */,
			);
			path = View;
			sourceTree = "<group>";
		};
		A2BE6B492B1DF513000DD62A /* Utility */ = {
			isa = PBXGroup;
			children = (
				A2BE6B5B2B1DF636000DD62A /* DataManager.swift */,
				A2BE6B5D2B1DF66B000DD62A /* FileManagerClass.swift */,
				A2BE6B592B1DF61B000DD62A /* Constants.swift */,
				A2BE6B5F2B1DF685000DD62A /* Validation.swift */,
			);
			path = Utility;
			sourceTree = "<group>";
		};
		A2BE6B4A2B1DF520000DD62A /* Service */ = {
			isa = PBXGroup;
			children = (
				A2BE6B572B1DF5E6000DD62A /* NetworkManager.swift */,
				A2BE6B552B1DF5D8000DD62A /* APIManager.swift */,
				A233A88B2B220E3D0024D285 /* CacheManager.swift */,
			);
			path = Service;
			sourceTree = "<group>";
		};
		A2BE6B4B2B1DF52A000DD62A /* Resources */ = {
			isa = PBXGroup;
			children = (
				A2BE6B3D2B1DF4B9000DD62A /* Assets.xcassets */,
				A2BE6B382B1DF4B7000DD62A /* Pixify.xcdatamodeld */,
			);
			path = Resources;
			sourceTree = "<group>";
		};
		A2BE6B4C2B1DF534000DD62A /* Model */ = {
			isa = PBXGroup;
			children = (
				A2BE6B532B1DF574000DD62A /* DataModel */,
				A2BE6B4D2B1DF555000DD62A /* Photo.swift */,
				A2D9CEE82B23BB2E006238BE /* Collection.swift */,
			);
			path = Model;
			sourceTree = "<group>";
		};
		A2BE6B532B1DF574000DD62A /* DataModel */ = {
			isa = PBXGroup;
			children = (
				A2BE6B4F2B1DF56A000DD62A /* Bookmark+CoreDataClass.swift */,
				A2BE6B502B1DF56A000DD62A /* Bookmark+CoreDataProperties.swift */,
			);
			path = DataModel;
			sourceTree = "<group>";
		};
		A2D9CEE52B23712B006238BE /* Intent */ = {
			isa = PBXGroup;
			children = (
				A2D9CEE62B237181006238BE /* SearchImagesIntent.swift */,
				A285A8D02B281FFC0083902B /* LazyImageIntent.swift */,
				A285A8D22B28213B0083902B /* ImageListIntent.swift */,
				A285A8D42B28216A0083902B /* CollectionListIntent.swift */,
				A285A8D62B2821910083902B /* BookmarkIntent.swift */,
			);
			path = Intent;
			sourceTree = "<group>";
		};
/* End PBXGroup section */

/* Begin PBXNativeTarget section */
		A2BE6B302B1DF4B7000DD62A /* Pixify */ = {
			isa = PBXNativeTarget;
			buildConfigurationList = A2BE6B452B1DF4B9000DD62A /* Build configuration list for PBXNativeTarget "Pixify" */;
			buildPhases = (
				A2BE6B2D2B1DF4B7000DD62A /* Sources */,
				A2BE6B2E2B1DF4B7000DD62A /* Frameworks */,
				A2BE6B2F2B1DF4B7000DD62A /* Resources */,
			);
			buildRules = (
			);
			dependencies = (
			);
			name = Pixify;
			productName = Pixify;
			productReference = A2BE6B312B1DF4B7000DD62A /* Pixify.app */;
			productType = "com.apple.product-type.application";
		};
/* End PBXNativeTarget section */

/* Begin PBXProject section */
		A2BE6B292B1DF4B7000DD62A /* Project object */ = {
			isa = PBXProject;
			attributes = {
				BuildIndependentTargetsInParallel = 1;
				LastSwiftUpdateCheck = 1500;
				LastUpgradeCheck = 1500;
				TargetAttributes = {
					A2BE6B302B1DF4B7000DD62A = {
						CreatedOnToolsVersion = 15.0.1;
					};
				};
			};
			buildConfigurationList = A2BE6B2C2B1DF4B7000DD62A /* Build configuration list for PBXProject "Pixify" */;
			compatibilityVersion = "Xcode 14.0";
			developmentRegion = en;
			hasScannedForEncodings = 0;
			knownRegions = (
				en,
				Base,
			);
			mainGroup = A2BE6B282B1DF4B7000DD62A;
			productRefGroup = A2BE6B322B1DF4B7000DD62A /* Products */;
			projectDirPath = "";
			projectRoot = "";
			targets = (
				A2BE6B302B1DF4B7000DD62A /* Pixify */,
			);
		};
/* End PBXProject section */

/* Begin PBXResourcesBuildPhase section */
		A2BE6B2F2B1DF4B7000DD62A /* Resources */ = {
			isa = PBXResourcesBuildPhase;
			buildActionMask = 2147483647;
			files = (
				A2BE6B422B1DF4B9000DD62A /* Preview Assets.xcassets in Resources */,
				A2BE6B3E2B1DF4B9000DD62A /* Assets.xcassets in Resources */,
			);
			runOnlyForDeploymentPostprocessing = 0;
		};
/* End PBXResourcesBuildPhase section */

/* Begin PBXSourcesBuildPhase section */
		A2BE6B2D2B1DF4B7000DD62A /* Sources */ = {
			isa = PBXSourcesBuildPhase;
			buildActionMask = 2147483647;
			files = (
				A2BE6B5E2B1DF66B000DD62A /* FileManagerClass.swift in Sources */,
				A27D918D2B20AAC700278B70 /* Component.swift in Sources */,
				A2D9CEE72B237181006238BE /* SearchImagesIntent.swift in Sources */,
				A27D91922B20ACC000278B70 /* TabBarView.swift in Sources */,
				A23A29492B24F6B3003D650C /* CollectionPhotos.swift in Sources */,
				A285A8D12B281FFC0083902B /* LazyImageIntent.swift in Sources */,
				A233A88C2B220E3D0024D285 /* CacheManager.swift in Sources */,
				A2BE6B3A2B1DF4B7000DD62A /* Pixify.xcdatamodeld in Sources */,
				A285A8D32B28213B0083902B /* ImageListIntent.swift in Sources */,
				A2BE6B5C2B1DF636000DD62A /* DataManager.swift in Sources */,
				A2BE6B352B1DF4B7000DD62A /* PixifyApp.swift in Sources */,
				A2D9CEE42B22B528006238BE /* ImageDetailsView.swift in Sources */,
				A27D918F2B20AC8700278B70 /* BookmarkView.swift in Sources */,
				A27D918A2B1ED93C00278B70 /* SearchImagesView.swift in Sources */,
				A2D9CEE92B23BB2E006238BE /* Collection.swift in Sources */,
				A2BE6B3C2B1DF4B7000DD62A /* ListView.swift in Sources */,
				A2BE6B4E2B1DF555000DD62A /* Photo.swift in Sources */,
				A2BE6B582B1DF5E7000DD62A /* NetworkManager.swift in Sources */,
				A2BE6B522B1DF56A000DD62A /* Bookmark+CoreDataProperties.swift in Sources */,
				A2BE6B512B1DF56A000DD62A /* Bookmark+CoreDataClass.swift in Sources */,
				A2BE6B562B1DF5D8000DD62A /* APIManager.swift in Sources */,
				A285A8D72B2821910083902B /* BookmarkIntent.swift in Sources */,
				A2BE6B602B1DF685000DD62A /* Validation.swift in Sources */,
				A2BE6B5A2B1DF61B000DD62A /* Constants.swift in Sources */,
				A285A8D52B28216A0083902B /* CollectionListIntent.swift in Sources */,
			);
			runOnlyForDeploymentPostprocessing = 0;
		};
/* End PBXSourcesBuildPhase section */

/* Begin XCBuildConfiguration section */
		A2BE6B432B1DF4B9000DD62A /* Debug */ = {
			isa = XCBuildConfiguration;
			buildSettings = {
				ALWAYS_SEARCH_USER_PATHS = NO;
				ASSETCATALOG_COMPILER_GENERATE_SWIFT_ASSET_SYMBOL_EXTENSIONS = YES;
				CLANG_ANALYZER_NONNULL = YES;
				CLANG_ANALYZER_NUMBER_OBJECT_CONVERSION = YES_AGGRESSIVE;
				CLANG_CXX_LANGUAGE_STANDARD = "gnu++20";
				CLANG_ENABLE_MODULES = YES;
				CLANG_ENABLE_OBJC_ARC = YES;
				CLANG_ENABLE_OBJC_WEAK = YES;
				CLANG_WARN_BLOCK_CAPTURE_AUTORELEASING = YES;
				CLANG_WARN_BOOL_CONVERSION = YES;
				CLANG_WARN_COMMA = YES;
				CLANG_WARN_CONSTANT_CONVERSION = YES;
				CLANG_WARN_DEPRECATED_OBJC_IMPLEMENTATIONS = YES;
				CLANG_WARN_DIRECT_OBJC_ISA_USAGE = YES_ERROR;
				CLANG_WARN_DOCUMENTATION_COMMENTS = YES;
				CLANG_WARN_EMPTY_BODY = YES;
				CLANG_WARN_ENUM_CONVERSION = YES;
				CLANG_WARN_INFINITE_RECURSION = YES;
				CLANG_WARN_INT_CONVERSION = YES;
				CLANG_WARN_NON_LITERAL_NULL_CONVERSION = YES;
				CLANG_WARN_OBJC_IMPLICIT_RETAIN_SELF = YES;
				CLANG_WARN_OBJC_LITERAL_CONVERSION = YES;
				CLANG_WARN_OBJC_ROOT_CLASS = YES_ERROR;
				CLANG_WARN_QUOTED_INCLUDE_IN_FRAMEWORK_HEADER = YES;
				CLANG_WARN_RANGE_LOOP_ANALYSIS = YES;
				CLANG_WARN_STRICT_PROTOTYPES = YES;
				CLANG_WARN_SUSPICIOUS_MOVE = YES;
				CLANG_WARN_UNGUARDED_AVAILABILITY = YES_AGGRESSIVE;
				CLANG_WARN_UNREACHABLE_CODE = YES;
				CLANG_WARN__DUPLICATE_METHOD_MATCH = YES;
				COPY_PHASE_STRIP = NO;
				DEBUG_INFORMATION_FORMAT = dwarf;
				ENABLE_STRICT_OBJC_MSGSEND = YES;
				ENABLE_TESTABILITY = YES;
				ENABLE_USER_SCRIPT_SANDBOXING = YES;
				GCC_C_LANGUAGE_STANDARD = gnu17;
				GCC_DYNAMIC_NO_PIC = NO;
				GCC_NO_COMMON_BLOCKS = YES;
				GCC_OPTIMIZATION_LEVEL = 0;
				GCC_PREPROCESSOR_DEFINITIONS = (
					"DEBUG=1",
					"$(inherited)",
				);
				GCC_WARN_64_TO_32_BIT_CONVERSION = YES;
				GCC_WARN_ABOUT_RETURN_TYPE = YES_ERROR;
				GCC_WARN_UNDECLARED_SELECTOR = YES;
				GCC_WARN_UNINITIALIZED_AUTOS = YES_AGGRESSIVE;
				GCC_WARN_UNUSED_FUNCTION = YES;
				GCC_WARN_UNUSED_VARIABLE = YES;
				LOCALIZATION_PREFERS_STRING_CATALOGS = YES;
				MTL_ENABLE_DEBUG_INFO = INCLUDE_SOURCE;
				MTL_FAST_MATH = YES;
				ONLY_ACTIVE_ARCH = YES;
				SWIFT_ACTIVE_COMPILATION_CONDITIONS = "DEBUG $(inherited)";
				SWIFT_OPTIMIZATION_LEVEL = "-Onone";
			};
			name = Debug;
		};
		A2BE6B442B1DF4B9000DD62A /* Release */ = {
			isa = XCBuildConfiguration;
			buildSettings = {
				ALWAYS_SEARCH_USER_PATHS = NO;
				ASSETCATALOG_COMPILER_GENERATE_SWIFT_ASSET_SYMBOL_EXTENSIONS = YES;
				CLANG_ANALYZER_NONNULL = YES;
				CLANG_ANALYZER_NUMBER_OBJECT_CONVERSION = YES_AGGRESSIVE;
				CLANG_CXX_LANGUAGE_STANDARD = "gnu++20";
				CLANG_ENABLE_MODULES = YES;
				CLANG_ENABLE_OBJC_ARC = YES;
				CLANG_ENABLE_OBJC_WEAK = YES;
				CLANG_WARN_BLOCK_CAPTURE_AUTORELEASING = YES;
				CLANG_WARN_BOOL_CONVERSION = YES;
				CLANG_WARN_COMMA = YES;
				CLANG_WARN_CONSTANT_CONVERSION = YES;
				CLANG_WARN_DEPRECATED_OBJC_IMPLEMENTATIONS = YES;
				CLANG_WARN_DIRECT_OBJC_ISA_USAGE = YES_ERROR;
				CLANG_WARN_DOCUMENTATION_COMMENTS = YES;
				CLANG_WARN_EMPTY_BODY = YES;
				CLANG_WARN_ENUM_CONVERSION = YES;
				CLANG_WARN_INFINITE_RECURSION = YES;
				CLANG_WARN_INT_CONVERSION = YES;
				CLANG_WARN_NON_LITERAL_NULL_CONVERSION = YES;
				CLANG_WARN_OBJC_IMPLICIT_RETAIN_SELF = YES;
				CLANG_WARN_OBJC_LITERAL_CONVERSION = YES;
				CLANG_WARN_OBJC_ROOT_CLASS = YES_ERROR;
				CLANG_WARN_QUOTED_INCLUDE_IN_FRAMEWORK_HEADER = YES;
				CLANG_WARN_RANGE_LOOP_ANALYSIS = YES;
				CLANG_WARN_STRICT_PROTOTYPES = YES;
				CLANG_WARN_SUSPICIOUS_MOVE = YES;
				CLANG_WARN_UNGUARDED_AVAILABILITY = YES_AGGRESSIVE;
				CLANG_WARN_UNREACHABLE_CODE = YES;
				CLANG_WARN__DUPLICATE_METHOD_MATCH = YES;
				COPY_PHASE_STRIP = NO;
				DEBUG_INFORMATION_FORMAT = "dwarf-with-dsym";
				ENABLE_NS_ASSERTIONS = NO;
				ENABLE_STRICT_OBJC_MSGSEND = YES;
				ENABLE_USER_SCRIPT_SANDBOXING = YES;
				GCC_C_LANGUAGE_STANDARD = gnu17;
				GCC_NO_COMMON_BLOCKS = YES;
				GCC_WARN_64_TO_32_BIT_CONVERSION = YES;
				GCC_WARN_ABOUT_RETURN_TYPE = YES_ERROR;
				GCC_WARN_UNDECLARED_SELECTOR = YES;
				GCC_WARN_UNINITIALIZED_AUTOS = YES_AGGRESSIVE;
				GCC_WARN_UNUSED_FUNCTION = YES;
				GCC_WARN_UNUSED_VARIABLE = YES;
				LOCALIZATION_PREFERS_STRING_CATALOGS = YES;
				MTL_ENABLE_DEBUG_INFO = NO;
				MTL_FAST_MATH = YES;
				SWIFT_COMPILATION_MODE = wholemodule;
			};
			name = Release;
		};
		A2BE6B462B1DF4B9000DD62A /* Debug */ = {
			isa = XCBuildConfiguration;
			buildSettings = {
				ASSETCATALOG_COMPILER_APPICON_NAME = AppIcon;
				ASSETCATALOG_COMPILER_GLOBAL_ACCENT_COLOR_NAME = AccentColor;
				CODE_SIGN_ENTITLEMENTS = Pixify/Pixify.entitlements;
				CODE_SIGN_STYLE = Automatic;
				CURRENT_PROJECT_VERSION = 1;
				DEVELOPMENT_ASSET_PATHS = "\"Pixify/Preview Content\"";
				DEVELOPMENT_TEAM = AJ6UG629X6;
				ENABLE_HARDENED_RUNTIME = YES;
				ENABLE_PREVIEWS = YES;
				GENERATE_INFOPLIST_FILE = YES;
				INFOPLIST_FILE = Pixify/Info.plist;
				"INFOPLIST_KEY_UIApplicationSceneManifest_Generation[sdk=iphoneos*]" = YES;
				"INFOPLIST_KEY_UIApplicationSceneManifest_Generation[sdk=iphonesimulator*]" = YES;
				"INFOPLIST_KEY_UIApplicationSupportsIndirectInputEvents[sdk=iphoneos*]" = YES;
				"INFOPLIST_KEY_UIApplicationSupportsIndirectInputEvents[sdk=iphonesimulator*]" = YES;
				"INFOPLIST_KEY_UILaunchScreen_Generation[sdk=iphoneos*]" = YES;
				"INFOPLIST_KEY_UILaunchScreen_Generation[sdk=iphonesimulator*]" = YES;
				"INFOPLIST_KEY_UIStatusBarStyle[sdk=iphoneos*]" = UIStatusBarStyleDefault;
				"INFOPLIST_KEY_UIStatusBarStyle[sdk=iphonesimulator*]" = UIStatusBarStyleDefault;
				INFOPLIST_KEY_UISupportedInterfaceOrientations_iPad = "UIInterfaceOrientationPortrait UIInterfaceOrientationPortraitUpsideDown UIInterfaceOrientationLandscapeLeft UIInterfaceOrientationLandscapeRight";
				INFOPLIST_KEY_UISupportedInterfaceOrientations_iPhone = "UIInterfaceOrientationPortrait UIInterfaceOrientationLandscapeLeft UIInterfaceOrientationLandscapeRight";
				IPHONEOS_DEPLOYMENT_TARGET = 17.0;
				LD_RUNPATH_SEARCH_PATHS = "@executable_path/Frameworks";
				"LD_RUNPATH_SEARCH_PATHS[sdk=macosx*]" = "@executable_path/../Frameworks";
				MACOSX_DEPLOYMENT_TARGET = 14.0;
				MARKETING_VERSION = 1.0;
				PRODUCT_BUNDLE_IDENTIFIER = com.singhinamerica.Pixify;
				PRODUCT_NAME = "$(TARGET_NAME)";
				SDKROOT = auto;
				SUPPORTED_PLATFORMS = "iphoneos iphonesimulator macosx";
				SWIFT_EMIT_LOC_STRINGS = YES;
				SWIFT_VERSION = 5.0;
				TARGETED_DEVICE_FAMILY = "1,2";
			};
			name = Debug;
		};
		A2BE6B472B1DF4B9000DD62A /* Release */ = {
			isa = XCBuildConfiguration;
			buildSettings = {
				ASSETCATALOG_COMPILER_APPICON_NAME = AppIcon;
				ASSETCATALOG_COMPILER_GLOBAL_ACCENT_COLOR_NAME = AccentColor;
				CODE_SIGN_ENTITLEMENTS = Pixify/Pixify.entitlements;
				CODE_SIGN_STYLE = Automatic;
				CURRENT_PROJECT_VERSION = 1;
				DEVELOPMENT_ASSET_PATHS = "\"Pixify/Preview Content\"";
				DEVELOPMENT_TEAM = AJ6UG629X6;
				ENABLE_HARDENED_RUNTIME = YES;
				ENABLE_PREVIEWS = YES;
				GENERATE_INFOPLIST_FILE = YES;
				INFOPLIST_FILE = Pixify/Info.plist;
				"INFOPLIST_KEY_UIApplicationSceneManifest_Generation[sdk=iphoneos*]" = YES;
				"INFOPLIST_KEY_UIApplicationSceneManifest_Generation[sdk=iphonesimulator*]" = YES;
				"INFOPLIST_KEY_UIApplicationSupportsIndirectInputEvents[sdk=iphoneos*]" = YES;
				"INFOPLIST_KEY_UIApplicationSupportsIndirectInputEvents[sdk=iphonesimulator*]" = YES;
				"INFOPLIST_KEY_UILaunchScreen_Generation[sdk=iphoneos*]" = YES;
				"INFOPLIST_KEY_UILaunchScreen_Generation[sdk=iphonesimulator*]" = YES;
				"INFOPLIST_KEY_UIStatusBarStyle[sdk=iphoneos*]" = UIStatusBarStyleDefault;
				"INFOPLIST_KEY_UIStatusBarStyle[sdk=iphonesimulator*]" = UIStatusBarStyleDefault;
				INFOPLIST_KEY_UISupportedInterfaceOrientations_iPad = "UIInterfaceOrientationPortrait UIInterfaceOrientationPortraitUpsideDown UIInterfaceOrientationLandscapeLeft UIInterfaceOrientationLandscapeRight";
				INFOPLIST_KEY_UISupportedInterfaceOrientations_iPhone = "UIInterfaceOrientationPortrait UIInterfaceOrientationLandscapeLeft UIInterfaceOrientationLandscapeRight";
				IPHONEOS_DEPLOYMENT_TARGET = 17.0;
				LD_RUNPATH_SEARCH_PATHS = "@executable_path/Frameworks";
				"LD_RUNPATH_SEARCH_PATHS[sdk=macosx*]" = "@executable_path/../Frameworks";
				MACOSX_DEPLOYMENT_TARGET = 14.0;
				MARKETING_VERSION = 1.0;
				PRODUCT_BUNDLE_IDENTIFIER = com.singhinamerica.Pixify;
				PRODUCT_NAME = "$(TARGET_NAME)";
				SDKROOT = auto;
				SUPPORTED_PLATFORMS = "iphoneos iphonesimulator macosx";
				SWIFT_EMIT_LOC_STRINGS = YES;
				SWIFT_VERSION = 5.0;
				TARGETED_DEVICE_FAMILY = "1,2";
			};
			name = Release;
		};
/* End XCBuildConfiguration section */

/* Begin XCConfigurationList section */
		A2BE6B2C2B1DF4B7000DD62A /* Build configuration list for PBXProject "Pixify" */ = {
			isa = XCConfigurationList;
			buildConfigurations = (
				A2BE6B432B1DF4B9000DD62A /* Debug */,
				A2BE6B442B1DF4B9000DD62A /* Release */,
			);
			defaultConfigurationIsVisible = 0;
			defaultConfigurationName = Release;
		};
		A2BE6B452B1DF4B9000DD62A /* Build configuration list for PBXNativeTarget "Pixify" */ = {
			isa = XCConfigurationList;
			buildConfigurations = (
				A2BE6B462B1DF4B9000DD62A /* Debug */,
				A2BE6B472B1DF4B9000DD62A /* Release */,
			);
			defaultConfigurationIsVisible = 0;
			defaultConfigurationName = Release;
		};
/* End XCConfigurationList section */

/* Begin XCVersionGroup section */
		A2BE6B382B1DF4B7000DD62A /* Pixify.xcdatamodeld */ = {
			isa = XCVersionGroup;
			children = (
				A2BE6B392B1DF4B7000DD62A /* Pixify.xcdatamodel */,
			);
			currentVersion = A2BE6B392B1DF4B7000DD62A /* Pixify.xcdatamodel */;
			path = Pixify.xcdatamodeld;
			sourceTree = "<group>";
			versionGroupType = wrapper.xcdatamodel;
		};
/* End XCVersionGroup section */
	};
	rootObject = A2BE6B292B1DF4B7000DD62A /* Project object */;
}
